
Microsoft Visual Studio Solution File, Format Version 11.00
# Visual Studio 2010
Project("{FAE04EC0-301F-11D3-BF4B-00C04F79EFBC}") = "MediaPlayerMvvmSample", "MediaPlayerMvvmSample\MediaPlayerMvvmSample.csproj", "{E228E051-26BF-4C49-89DE-3F66E37842D5}"
EndProject
Project("{FAE04EC0-301F-11D3-BF4B-00C04F79EFBC}") = "Model", "Model\Model.csproj", "{2ECB8FC2-00DF-4A74-B46A-0D88E5F7801F}"
EndProject
Project("{FAE04EC0-301F-11D3-BF4B-00C04F79EFBC}") = "ViewModel", "ViewModel\ViewModel.csproj", "{E8D9C60C-716D-489D-8564-1EFFBA31C9A3}"
EndProject
Project("{FAE04EC0-301F-11D3-BF4B-00C04F79EFBC}") = "MediaElementTest", "MediaElementTest\MediaElementTest.csproj", "{303647BF-99E9-48A5-A3EA-0E961F384821}"
EndProject
Global
	GlobalSection(SolutionConfigurationPlatforms) = preSolution
		Debug|Any CPU = Debug|Any CPU
		Debug|Mixed Platforms = Debug|Mixed Platforms
		Debug|x86 = Debug|x86
		Release|Any CPU = Release|Any CPU
		Release|Mixed Platforms = Release|Mixed Platforms
		Release|x86 = Release|x86
	EndGlobalSection
	GlobalSection(ProjectConfigurationPlatforms) = postSolution
		{E228E051-26BF-4C49-89DE-3F66E37842D5}.Debug|Any CPU.ActiveCfg = Debug|x86
		{E228E051-26BF-4C49-89DE-3F66E37842D5}.Debug|Mixed Platforms.ActiveCfg = Debug|x86
		{E228E051-26BF-4C49-89DE-3F66E37842D5}.Debug|Mixed Platforms.Build.0 = Debug|x86
		{E228E051-26BF-4C49-89DE-3F66E37842D5}.Debug|x86.ActiveCfg = Debug|x86
		{E228E051-26BF-4C49-89DE-3F66E37842D5}.Debug|x86.Build.0 = Debug|x86
		{E228E051-26BF-4C49-89DE-3F66E37842D5}.Release|Any CPU.ActiveCfg = Release|x86
		{E228E051-26BF-4C49-89DE-3F66E37842D5}.Release|Mixed Platforms.ActiveCfg = Release|x86
		{E228E051-26BF-4C49-89DE-3F66E37842D5}.Release|Mixed Platforms.Build.0 = Release|x86
		{E228E051-26BF-4C49-89DE-3F66E37842D5}.Release|x86.ActiveCfg = Release|x86
		{E228E051-26BF-4C49-89DE-3F66E37842D5}.Release|x86.Build.0 = Release|x86
		{2ECB8FC2-00DF-4A74-B46A-0D88E5F7801F}.Debug|Any CPU.ActiveCfg = Debug|Any CPU
		{2ECB8FC2-00DF-4A74-B46A-0D88E5F7801F}.Debug|Any CPU.Build.0 = Debug|Any CPU
		{2ECB8FC2-00DF-4A74-B46A-0D88E5F7801F}.Debug|Mixed Platforms.ActiveCfg = Debug|Any CPU
		{2ECB8FC2-00DF-4A74-B46A-0D88E5F7801F}.Debug|Mixed Platforms.Build.0 = Debug|Any CPU
		{2ECB8FC2-00DF-4A74-B46A-0D88E5F7801F}.Debug|x86.ActiveCfg = Debug|Any CPU
		{2ECB8FC2-00DF-4A74-B46A-0D88E5F7801F}.Release|Any CPU.ActiveCfg = Release|Any CPU
		{2ECB8FC2-00DF-4A74-B46A-0D88E5F7801F}.Release|Any CPU.Build.0 = Release|Any CPU
		{2ECB8FC2-00DF-4A74-B46A-0D88E5F7801F}.Release|Mixed Platforms.ActiveCfg = Release|Any CPU
		{2ECB8FC2-00DF-4A74-B46A-0D88E5F7801F}.Release|Mixed Platforms.Build.0 = Release|Any CPU
		{2ECB8FC2-00DF-4A74-B46A-0D88E5F7801F}.Release|x86.ActiveCfg = Release|Any CPU
		{E8D9C60C-716D-489D-8564-1EFFBA31C9A3}.Debug|Any CPU.ActiveCfg = Debug|Any CPU
		{E8D9C60C-716D-489D-8564-1EFFBA31C9A3}.Debug|Any CPU.Build.0 = Debug|Any CPU
		{E8D9C60C-716D-489D-8564-1EFFBA31C9A3}.Debug|Mixed Platforms.ActiveCfg = Debug|Any CPU
		{E8D9C60C-716D-489D-8564-1EFFBA31C9A3}.Debug|Mixed Platforms.Build.0 = Debug|Any CPU
		{E8D9C60C-716D-489D-8564-1EFFBA31C9A3}.Debug|x86.ActiveCfg = Debug|Any CPU
		{E8D9C60C-716D-489D-8564-1EFFBA31C9A3}.Release|Any CPU.ActiveCfg = Release|Any CPU
		{E8D9C60C-716D-489D-8564-1EFFBA31C9A3}.Release|Any CPU.Build.0 = Release|Any CPU
		{E8D9C60C-716D-489D-8564-1EFFBA31C9A3}.Release|Mixed Platforms.ActiveCfg = Release|Any CPU
		{E8D9C60C-716D-489D-8564-1EFFBA31C9A3}.Release|Mixed Platforms.Build.0 = Release|Any CPU
		{E8D9C60C-716D-489D-8564-1EFFBA31C9A3}.Release|x86.ActiveCfg = Release|Any CPU
		{303647BF-99E9-48A5-A3EA-0E961F384821}.Debug|Any CPU.ActiveCfg = Debug|x86
		{303647BF-99E9-48A5-A3EA-0E961F384821}.Debug|Mixed Platforms.ActiveCfg = Debug|x86
		{303647BF-99E9-48A5-A3EA-0E961F384821}.Debug|Mixed Platforms.Build.0 = Debug|x86
		{303647BF-99E9-48A5-A3EA-0E961F384821}.Debug|x86.ActiveCfg = Debug|x86
		{303647BF-99E9-48A5-A3EA-0E961F384821}.Debug|x86.Build.0 = Debug|x86
		{303647BF-99E9-48A5-A3EA-0E961F384821}.Release|Any CPU.ActiveCfg = Release|x86
		{303647BF-99E9-48A5-A3EA-0E961F384821}.Release|Mixed Platforms.ActiveCfg = Release|x86
		{303647BF-99E9-48A5-A3EA-0E961F384821}.Release|Mixed Platforms.Build.0 = Release|x86
		{303647BF-99E9-48A5-A3EA-0E961F384821}.Release|x86.ActiveCfg = Release|x86
		{303647BF-99E9-48A5-A3EA-0E961F384821}.Release|x86.Build.0 = Release|x86
	EndGlobalSection
	GlobalSection(SolutionProperties) = preSolution
		HideSolutionNode = FALSE
	EndGlobalSection
EndGlobal
